
Microsoft Visual Studio Solution File, Format Version 11.00
# Visual Studio 2010
Project("{2150E333-8FDC-42A3-9474-1A3956D46DE8}") = "ASP.NET MVC", "ASP.NET MVC", "{41A007E9-A7C3-47B3-A540-6ACA8F5DEB04}"
EndProject
Project("{2150E333-8FDC-42A3-9474-1A3956D46DE8}") = "CSharp", "CSharp", "{966B59D3-4258-42B0-8A8F-A559C4B4B941}"
EndProject
Project("{FAE04EC0-301F-11D3-BF4B-00C04F79EFBC}") = "DotNetDev.Mvc.CSharp.Web", "DotNetDev.Mvc.CSharp.Web\DotNetDev.Mvc.CSharp.Web.csproj", "{E47D6DF2-EB19-471F-80F0-EC5329D9801E}"
EndProject
Project("{2150E333-8FDC-42A3-9474-1A3956D46DE8}") = "FSharp", "FSharp", "{B004C38B-1704-4012-8E4A-FDFC988107C1}"
EndProject
Project("{F2A71F9B-5D33-465A-A702-920D77279786}") = "DotNetDev.Mvc.FSharp", "DotNetDev.Mvc.FSharp\DotNetDev.Mvc.FSharp.fsproj", "{C70A8308-8FE0-402E-A9FD-C46107A1E6DB}"
EndProject
Project("{FAE04EC0-301F-11D3-BF4B-00C04F79EFBC}") = "DotNetDev.Mvc.FSharp.Web", "DotNetDev.Mvc.FSharp.Web\DotNetDev.Mvc.FSharp.Web.csproj", "{2CBBB395-83A9-4531-9EAA-2E298AE5209F}"
EndProject
Project("{2150E333-8FDC-42A3-9474-1A3956D46DE8}") = "IronPython", "IronPython", "{4FF6563A-CC7E-4FC3-BD5E-09A828EFC195}"
EndProject
Project("{FAE04EC0-301F-11D3-BF4B-00C04F79EFBC}") = "DotNetDev.Mvc.IronPython.Web", "DotNetDev.Mvc.IronPython.Web\DotNetDev.Mvc.IronPython.Web.csproj", "{A7F8BF1B-2083-4B42-9C19-ED748FE6855C}"
EndProject
Project("{2150E333-8FDC-42A3-9474-1A3956D46DE8}") = "Visual Basic", "Visual Basic", "{4F08387E-E8D5-48FA-90DA-B23604924EF8}"
EndProject
Project("{F184B08F-C81C-45F6-A57F-5ABD9991F28F}") = "DotNetDev.Mvc.VisualBasic.Web", "DotNetDev.Mvc.VisualBasic.Web\DotNetDev.Mvc.VisualBasic.Web.vbproj", "{4BAFCD0E-FADE-46E4-88D9-641EF8174786}"
EndProject
Project("{2150E333-8FDC-42A3-9474-1A3956D46DE8}") = "ASP.NET WebForms", "ASP.NET WebForms", "{EB4676F9-D06A-4CA7-90BF-764CE631A3BF}"
EndProject
Project("{FAE04EC0-301F-11D3-BF4B-00C04F79EFBC}") = "DotNetDev.WebForms.CSharp.Web", "DotNetDev.WebForms.CSharp.Web\DotNetDev.WebForms.CSharp.Web.csproj", "{14A689A1-3A62-457C-8D63-1EEFBB264D1D}"
EndProject
Project("{2150E333-8FDC-42A3-9474-1A3956D46DE8}") = "CSharp", "CSharp", "{8003D8EE-BF7D-4F15-A2D2-02ACB202BBC4}"
EndProject
Project("{2150E333-8FDC-42A3-9474-1A3956D46DE8}") = "Nancy", "Nancy", "{D5B33290-E096-48B1-BD41-62B80BA8DC69}"
EndProject
Project("{FAE04EC0-301F-11D3-BF4B-00C04F79EFBC}") = "DotNetDev.Nancy.CSharp.Web", "DotNetDev.Nancy.CSharp.Web\DotNetDev.Nancy.CSharp.Web.csproj", "{5C9116B5-0953-41A8-80B1-834E5C99ADA4}"
EndProject
Project("{2150E333-8FDC-42A3-9474-1A3956D46DE8}") = "Supporting Code", "Supporting Code", "{B634DA20-6D1B-4901-B35B-A7D8E49D2EB6}"
EndProject
Project("{FAE04EC0-301F-11D3-BF4B-00C04F79EFBC}") = "DotNetDev.Web", "DotNetDev.Web\DotNetDev.Web.csproj", "{B2EFCBFF-F37D-4943-A789-0734216D5597}"
EndProject
Global
	GlobalSection(SolutionConfigurationPlatforms) = preSolution
		Debug|Any CPU = Debug|Any CPU
		Release|Any CPU = Release|Any CPU
	EndGlobalSection
	GlobalSection(ProjectConfigurationPlatforms) = postSolution
		{E47D6DF2-EB19-471F-80F0-EC5329D9801E}.Debug|Any CPU.ActiveCfg = Debug|Any CPU
		{E47D6DF2-EB19-471F-80F0-EC5329D9801E}.Debug|Any CPU.Build.0 = Debug|Any CPU
		{E47D6DF2-EB19-471F-80F0-EC5329D9801E}.Release|Any CPU.ActiveCfg = Release|Any CPU
		{E47D6DF2-EB19-471F-80F0-EC5329D9801E}.Release|Any CPU.Build.0 = Release|Any CPU
		{C70A8308-8FE0-402E-A9FD-C46107A1E6DB}.Debug|Any CPU.ActiveCfg = Debug|Any CPU
		{C70A8308-8FE0-402E-A9FD-C46107A1E6DB}.Debug|Any CPU.Build.0 = Debug|Any CPU
		{C70A8308-8FE0-402E-A9FD-C46107A1E6DB}.Release|Any CPU.ActiveCfg = Release|Any CPU
		{C70A8308-8FE0-402E-A9FD-C46107A1E6DB}.Release|Any CPU.Build.0 = Release|Any CPU
		{2CBBB395-83A9-4531-9EAA-2E298AE5209F}.Debug|Any CPU.ActiveCfg = Debug|Any CPU
		{2CBBB395-83A9-4531-9EAA-2E298AE5209F}.Debug|Any CPU.Build.0 = Debug|Any CPU
		{2CBBB395-83A9-4531-9EAA-2E298AE5209F}.Release|Any CPU.ActiveCfg = Release|Any CPU
		{2CBBB395-83A9-4531-9EAA-2E298AE5209F}.Release|Any CPU.Build.0 = Release|Any CPU
		{A7F8BF1B-2083-4B42-9C19-ED748FE6855C}.Debug|Any CPU.ActiveCfg = Debug|Any CPU
		{A7F8BF1B-2083-4B42-9C19-ED748FE6855C}.Debug|Any CPU.Build.0 = Debug|Any CPU
		{A7F8BF1B-2083-4B42-9C19-ED748FE6855C}.Release|Any CPU.ActiveCfg = Release|Any CPU
		{A7F8BF1B-2083-4B42-9C19-ED748FE6855C}.Release|Any CPU.Build.0 = Release|Any CPU
		{4BAFCD0E-FADE-46E4-88D9-641EF8174786}.Debug|Any CPU.ActiveCfg = Debug|Any CPU
		{4BAFCD0E-FADE-46E4-88D9-641EF8174786}.Debug|Any CPU.Build.0 = Debug|Any CPU
		{4BAFCD0E-FADE-46E4-88D9-641EF8174786}.Release|Any CPU.ActiveCfg = Release|Any CPU
		{4BAFCD0E-FADE-46E4-88D9-641EF8174786}.Release|Any CPU.Build.0 = Release|Any CPU
		{14A689A1-3A62-457C-8D63-1EEFBB264D1D}.Debug|Any CPU.ActiveCfg = Debug|Any CPU
		{14A689A1-3A62-457C-8D63-1EEFBB264D1D}.Debug|Any CPU.Build.0 = Debug|Any CPU
		{14A689A1-3A62-457C-8D63-1EEFBB264D1D}.Release|Any CPU.ActiveCfg = Release|Any CPU
		{14A689A1-3A62-457C-8D63-1EEFBB264D1D}.Release|Any CPU.Build.0 = Release|Any CPU
		{5C9116B5-0953-41A8-80B1-834E5C99ADA4}.Debug|Any CPU.ActiveCfg = Debug|Any CPU
		{5C9116B5-0953-41A8-80B1-834E5C99ADA4}.Debug|Any CPU.Build.0 = Debug|Any CPU
		{5C9116B5-0953-41A8-80B1-834E5C99ADA4}.Release|Any CPU.ActiveCfg = Release|Any CPU
		{5C9116B5-0953-41A8-80B1-834E5C99ADA4}.Release|Any CPU.Build.0 = Release|Any CPU
		{B2EFCBFF-F37D-4943-A789-0734216D5597}.Debug|Any CPU.ActiveCfg = Debug|Any CPU
		{B2EFCBFF-F37D-4943-A789-0734216D5597}.Debug|Any CPU.Build.0 = Debug|Any CPU
		{B2EFCBFF-F37D-4943-A789-0734216D5597}.Release|Any CPU.ActiveCfg = Release|Any CPU
		{B2EFCBFF-F37D-4943-A789-0734216D5597}.Release|Any CPU.Build.0 = Release|Any CPU
	EndGlobalSection
	GlobalSection(SolutionProperties) = preSolution
		HideSolutionNode = FALSE
	EndGlobalSection
	GlobalSection(NestedProjects) = preSolution
		{966B59D3-4258-42B0-8A8F-A559C4B4B941} = {41A007E9-A7C3-47B3-A540-6ACA8F5DEB04}
		{B004C38B-1704-4012-8E4A-FDFC988107C1} = {41A007E9-A7C3-47B3-A540-6ACA8F5DEB04}
		{4FF6563A-CC7E-4FC3-BD5E-09A828EFC195} = {41A007E9-A7C3-47B3-A540-6ACA8F5DEB04}
		{4F08387E-E8D5-48FA-90DA-B23604924EF8} = {41A007E9-A7C3-47B3-A540-6ACA8F5DEB04}
		{E47D6DF2-EB19-471F-80F0-EC5329D9801E} = {966B59D3-4258-42B0-8A8F-A559C4B4B941}
		{C70A8308-8FE0-402E-A9FD-C46107A1E6DB} = {B004C38B-1704-4012-8E4A-FDFC988107C1}
		{2CBBB395-83A9-4531-9EAA-2E298AE5209F} = {B004C38B-1704-4012-8E4A-FDFC988107C1}
		{A7F8BF1B-2083-4B42-9C19-ED748FE6855C} = {4FF6563A-CC7E-4FC3-BD5E-09A828EFC195}
		{4BAFCD0E-FADE-46E4-88D9-641EF8174786} = {4F08387E-E8D5-48FA-90DA-B23604924EF8}
		{14A689A1-3A62-457C-8D63-1EEFBB264D1D} = {EB4676F9-D06A-4CA7-90BF-764CE631A3BF}
		{8003D8EE-BF7D-4F15-A2D2-02ACB202BBC4} = {D5B33290-E096-48B1-BD41-62B80BA8DC69}
		{5C9116B5-0953-41A8-80B1-834E5C99ADA4} = {8003D8EE-BF7D-4F15-A2D2-02ACB202BBC4}
		{B2EFCBFF-F37D-4943-A789-0734216D5597} = {B634DA20-6D1B-4901-B35B-A7D8E49D2EB6}
	EndGlobalSection
EndGlobal
